// !$*UTF8*$!
{
	archiveVersion = 1;
	classes = {
	};
	objectVersion = 51;
	objects = {

/* Begin PBXBuildFile section */
		31E08F7A3A8FBB6D46C012C6 /* Pods_ezpayTests.framework in Frameworks */ = {isa = PBXBuildFile; fileRef = AE6E5C4BD85FFE15E40A21DE /* Pods_ezpayTests.framework */; };
		C55879FA261C97D7009FB19D /* Constaints.swift in Sources */ = {isa = PBXBuildFile; fileRef = C55879F9261C97D7009FB19D /* Constaints.swift */; };
		C5587A02261C9860009FB19D /* Otherextensions.swift in Sources */ = {isa = PBXBuildFile; fileRef = C5587A01261C9860009FB19D /* Otherextensions.swift */; };
		C5587A20261C9A07009FB19D /* NavigationModels.swift in Sources */ = {isa = PBXBuildFile; fileRef = C5587A1F261C9A07009FB19D /* NavigationModels.swift */; };
		C5587A29261C9AC1009FB19D /* CustomBtns.swift in Sources */ = {isa = PBXBuildFile; fileRef = C5587A28261C9AC1009FB19D /* CustomBtns.swift */; };
		C5587A31261C9B07009FB19D /* Accessblity.swift in Sources */ = {isa = PBXBuildFile; fileRef = C5587A30261C9B07009FB19D /* Accessblity.swift */; };
		C5587A36261C9B5A009FB19D /* CustomImgs.swift in Sources */ = {isa = PBXBuildFile; fileRef = C5587A35261C9B5A009FB19D /* CustomImgs.swift */; };
		C5587B35261F0D78009FB19D /* DataModel.swift in Sources */ = {isa = PBXBuildFile; fileRef = C5587B34261F0D78009FB19D /* DataModel.swift */; };
		C5587B3B261F1C5F009FB19D /* SignInVC.swift in Sources */ = {isa = PBXBuildFile; fileRef = C5587B3A261F1C5F009FB19D /* SignInVC.swift */; };
		C5587B43261F1D63009FB19D /* DashVC.swift in Sources */ = {isa = PBXBuildFile; fileRef = C5587B42261F1D63009FB19D /* DashVC.swift */; };
		C5587B4B261F23ED009FB19D /* AddMoneyVC.swift in Sources */ = {isa = PBXBuildFile; fileRef = C5587B4A261F23ED009FB19D /* AddMoneyVC.swift */; };
		C5587B50261F2409009FB19D /* CustomTxtFlds.swift in Sources */ = {isa = PBXBuildFile; fileRef = C5587B4F261F2409009FB19D /* CustomTxtFlds.swift */; };
		C5587B55261F35AF009FB19D /* LoaderView.swift in Sources */ = {isa = PBXBuildFile; fileRef = C5587B54261F35AF009FB19D /* LoaderView.swift */; };
		C5587B7A261F42A3009FB19D /* SendMoneyVC.swift in Sources */ = {isa = PBXBuildFile; fileRef = C5587B79261F42A3009FB19D /* SendMoneyVC.swift */; };
		C5587C4726206212009FB19D /* UserVC.swift in Sources */ = {isa = PBXBuildFile; fileRef = C5587C4626206212009FB19D /* UserVC.swift */; };
		C5587D302624CCA7009FB19D /* MainVC.swift in Sources */ = {isa = PBXBuildFile; fileRef = C5587D2F2624CCA7009FB19D /* MainVC.swift */; };
		C5587D452625AFF9009FB19D /* MerchantDashVC.swift in Sources */ = {isa = PBXBuildFile; fileRef = C5587D442625AFF9009FB19D /* MerchantDashVC.swift */; };
		C5587D4A2625B044009FB19D /* SellProductVC.swift in Sources */ = {isa = PBXBuildFile; fileRef = C5587D492625B044009FB19D /* SellProductVC.swift */; };
		C5587DF3262803D6009FB19D /* EmailSignInVC.swift in Sources */ = {isa = PBXBuildFile; fileRef = C5587DF2262803D6009FB19D /* EmailSignInVC.swift */; };
		C5587E2D26287687009FB19D /* EmailSignUPVC.swift in Sources */ = {isa = PBXBuildFile; fileRef = C5587E2C26287686009FB19D /* EmailSignUPVC.swift */; };
		C55EC8392616FE6200F2885E /* AppDelegate.swift in Sources */ = {isa = PBXBuildFile; fileRef = C55EC8382616FE6200F2885E /* AppDelegate.swift */; };
		C55EC83B2616FE6200F2885E /* SceneDelegate.swift in Sources */ = {isa = PBXBuildFile; fileRef = C55EC83A2616FE6200F2885E /* SceneDelegate.swift */; };
		C55EC83D2616FE6200F2885E /* ViewController.swift in Sources */ = {isa = PBXBuildFile; fileRef = C55EC83C2616FE6200F2885E /* ViewController.swift */; };
		C55EC8402616FE6200F2885E /* Main.storyboard in Resources */ = {isa = PBXBuildFile; fileRef = C55EC83E2616FE6200F2885E /* Main.storyboard */; };
		C55EC8432616FE6200F2885E /* ezpay.xcdatamodeld in Sources */ = {isa = PBXBuildFile; fileRef = C55EC8412616FE6200F2885E /* ezpay.xcdatamodeld */; };
		C55EC8452616FE6300F2885E /* Assets.xcassets in Resources */ = {isa = PBXBuildFile; fileRef = C55EC8442616FE6300F2885E /* Assets.xcassets */; };
		C55EC8482616FE6300F2885E /* LaunchScreen.storyboard in Resources */ = {isa = PBXBuildFile; fileRef = C55EC8462616FE6300F2885E /* LaunchScreen.storyboard */; };
		C55EC8532616FE6300F2885E /* ezpayTests.swift in Sources */ = {isa = PBXBuildFile; fileRef = C55EC8522616FE6300F2885E /* ezpayTests.swift */; };
		C55EC85E2616FE6300F2885E /* ezpayUITests.swift in Sources */ = {isa = PBXBuildFile; fileRef = C55EC85D2616FE6300F2885E /* ezpayUITests.swift */; };
		C561015D26536DBC00DFBB62 /* PaymentVC.swift in Sources */ = {isa = PBXBuildFile; fileRef = C561015C26536DBC00DFBB62 /* PaymentVC.swift */; };
		C561016226536EAF00DFBB62 /* FireStore.swift in Sources */ = {isa = PBXBuildFile; fileRef = C561016126536EAF00DFBB62 /* FireStore.swift */; };
		C56101E32653D15300DFBB62 /* CheckController.swift in Sources */ = {isa = PBXBuildFile; fileRef = C56101E22653D15300DFBB62 /* CheckController.swift */; };
		C56D514F26A6E99C0096E910 /* AppDelegate.swift in Sources */ = {isa = PBXBuildFile; fileRef = C56D514E26A6E99C0096E910 /* AppDelegate.swift */; };
		C56D515126A6E99C0096E910 /* SceneDelegate.swift in Sources */ = {isa = PBXBuildFile; fileRef = C56D515026A6E99C0096E910 /* SceneDelegate.swift */; };
		C56D515326A6E99C0096E910 /* ViewController.swift in Sources */ = {isa = PBXBuildFile; fileRef = C56D515226A6E99C0096E910 /* ViewController.swift */; };
		C56D515626A6E99C0096E910 /* Main.storyboard in Resources */ = {isa = PBXBuildFile; fileRef = C56D515426A6E99C0096E910 /* Main.storyboard */; };
		C56D515926A6E99C0096E910 /* ezpay_Appclip.xcdatamodeld in Sources */ = {isa = PBXBuildFile; fileRef = C56D515726A6E99C0096E910 /* ezpay_Appclip.xcdatamodeld */; };
		C56D515B26A6E99E0096E910 /* Assets.xcassets in Resources */ = {isa = PBXBuildFile; fileRef = C56D515A26A6E99E0096E910 /* Assets.xcassets */; };
		C56D515E26A6E99E0096E910 /* LaunchScreen.storyboard in Resources */ = {isa = PBXBuildFile; fileRef = C56D515C26A6E99E0096E910 /* LaunchScreen.storyboard */; };
		C56D516A26A6E99F0096E910 /* ezpay_AppclipTests.swift in Sources */ = {isa = PBXBuildFile; fileRef = C56D516926A6E99F0096E910 /* ezpay_AppclipTests.swift */; };
		C56D517526A6E99F0096E910 /* ezpay_AppclipUITests.swift in Sources */ = {isa = PBXBuildFile; fileRef = C56D517426A6E99F0096E910 /* ezpay_AppclipUITests.swift */; };
		C571B88126AE76A5000E6BB7 /* GoogleService-Info.plist in Resources */ = {isa = PBXBuildFile; fileRef = C56101542653694700DFBB62 /* GoogleService-Info.plist */; };
		C571B88826AE76B5000E6BB7 /* GoogleService-Info.plist in Resources */ = {isa = PBXBuildFile; fileRef = C5E905E926A7FA8C0025C07D /* GoogleService-Info.plist */; };
		C5E9049526A7E0320025C07D /* Constaints.swift in Sources */ = {isa = PBXBuildFile; fileRef = C55879F9261C97D7009FB19D /* Constaints.swift */; };
		C5E904EA26A7E9A40025C07D /* CustomImgs.swift in Sources */ = {isa = PBXBuildFile; fileRef = C5587A35261C9B5A009FB19D /* CustomImgs.swift */; };
		C5E904F826A7E9AD0025C07D /* LoaderView.swift in Sources */ = {isa = PBXBuildFile; fileRef = C5587B54261F35AF009FB19D /* LoaderView.swift */; };
		DEFCDB701274739157589C5A /* Pods_ezpay_ezpayUITests.framework in Frameworks */ = {isa = PBXBuildFile; fileRef = 37A680BECB2BCF1120949BE5 /* Pods_ezpay_ezpayUITests.framework */; };
		FD4FC378E15BCD82107C1F27 /* Pods_ezpay.framework in Frameworks */ = {isa = PBXBuildFile; fileRef = 0E065A469F4E234D4BD0795D /* Pods_ezpay.framework */; };
/* End PBXBuildFile section */

/* Begin PBXContainerItemProxy section */
		C55EC84F2616FE6300F2885E /* PBXContainerItemProxy */ = {
			isa = PBXContainerItemProxy;
			containerPortal = C55EC82D2616FE6200F2885E /* Project object */;
			proxyType = 1;
			remoteGlobalIDString = C55EC8342616FE6200F2885E;
			remoteInfo = ezpay;
		};
		C55EC85A2616FE6300F2885E /* PBXContainerItemProxy */ = {
			isa = PBXContainerItemProxy;
			containerPortal = C55EC82D2616FE6200F2885E /* Project object */;
			proxyType = 1;
			remoteGlobalIDString = C55EC8342616FE6200F2885E;
			remoteInfo = ezpay;
		};
		C56D516626A6E99F0096E910 /* PBXContainerItemProxy */ = {
			isa = PBXContainerItemProxy;
			containerPortal = C55EC82D2616FE6200F2885E /* Project object */;
			proxyType = 1;
			remoteGlobalIDString = C56D514B26A6E99C0096E910;
			remoteInfo = "ezpay Appclip";
		};
		C56D517126A6E99F0096E910 /* PBXContainerItemProxy */ = {
			isa = PBXContainerItemProxy;
			containerPortal = C55EC82D2616FE6200F2885E /* Project object */;
			proxyType = 1;
			remoteGlobalIDString = C56D514B26A6E99C0096E910;
			remoteInfo = "ezpay Appclip";
		};
		C56D517726A6E99F0096E910 /* PBXContainerItemProxy */ = {
			isa = PBXContainerItemProxy;
			containerPortal = C55EC82D2616FE6200F2885E /* Project object */;
			proxyType = 1;
			remoteGlobalIDString = C56D514B26A6E99C0096E910;
			remoteInfo = "ezpay Appclip";
		};
/* End PBXContainerItemProxy section */

/* Begin PBXCopyFilesBuildPhase section */
		C50E4BB8267F9E0D000CE5FA /* Embed App Clips */ = {
			isa = PBXCopyFilesBuildPhase;
			buildActionMask = 2147483647;
			dstPath = "$(CONTENTS_FOLDER_PATH)/AppClips";
			dstSubfolderSpec = 16;
			files = (
			);
			name = "Embed App Clips";
			runOnlyForDeploymentPostprocessing = 0;
		};
/* End PBXCopyFilesBuildPhase section */

/* Begin PBXFileReference section */
		0E065A469F4E234D4BD0795D /* Pods_ezpay.framework */ = {isa = PBXFileReference; explicitFileType = wrapper.framework; includeInIndex = 0; path = Pods_ezpay.framework; sourceTree = BUILT_PRODUCTS_DIR; };
		37A680BECB2BCF1120949BE5 /* Pods_ezpay_ezpayUITests.framework */ = {isa = PBXFileReference; explicitFileType = wrapper.framework; includeInIndex = 0; path = Pods_ezpay_ezpayUITests.framework; sourceTree = BUILT_PRODUCTS_DIR; };
		4F207B758B0A24C30AF1D8A3 /* libPods-ezpayTests.a */ = {isa = PBXFileReference; explicitFileType = archive.ar; includeInIndex = 0; path = "libPods-ezpayTests.a"; sourceTree = BUILT_PRODUCTS_DIR; };
		6090CCDCF3D823E5A32274FD /* Pods-ezpay.release.xcconfig */ = {isa = PBXFileReference; includeInIndex = 1; lastKnownFileType = text.xcconfig; name = "Pods-ezpay.release.xcconfig"; path = "Target Support Files/Pods-ezpay/Pods-ezpay.release.xcconfig"; sourceTree = "<group>"; };
		66B18F49DD9E17E134D6F1A4 /* Pods-ezpay.debug.xcconfig */ = {isa = PBXFileReference; includeInIndex = 1; lastKnownFileType = text.xcconfig; name = "Pods-ezpay.debug.xcconfig"; path = "Target Support Files/Pods-ezpay/Pods-ezpay.debug.xcconfig"; sourceTree = "<group>"; };
		7B71C1BDA6BF89AE2E2BBCBA /* libPods-ezpay-ezpayUITests.a */ = {isa = PBXFileReference; explicitFileType = archive.ar; includeInIndex = 0; path = "libPods-ezpay-ezpayUITests.a"; sourceTree = BUILT_PRODUCTS_DIR; };
		84809F254B5D2670706E314F /* libPods-ezpay.a */ = {isa = PBXFileReference; explicitFileType = archive.ar; includeInIndex = 0; path = "libPods-ezpay.a"; sourceTree = BUILT_PRODUCTS_DIR; };
		9C2FB0EB87F692317A83ECBC /* Pods-ezpayTests.debug.xcconfig */ = {isa = PBXFileReference; includeInIndex = 1; lastKnownFileType = text.xcconfig; name = "Pods-ezpayTests.debug.xcconfig"; path = "Target Support Files/Pods-ezpayTests/Pods-ezpayTests.debug.xcconfig"; sourceTree = "<group>"; };
		AE6E5C4BD85FFE15E40A21DE /* Pods_ezpayTests.framework */ = {isa = PBXFileReference; explicitFileType = wrapper.framework; includeInIndex = 0; path = Pods_ezpayTests.framework; sourceTree = BUILT_PRODUCTS_DIR; };
		C55879F9261C97D7009FB19D /* Constaints.swift */ = {isa = PBXFileReference; lastKnownFileType = sourcecode.swift; path = Constaints.swift; sourceTree = "<group>"; };
		C5587A01261C9860009FB19D /* Otherextensions.swift */ = {isa = PBXFileReference; lastKnownFileType = sourcecode.swift; path = Otherextensions.swift; sourceTree = "<group>"; };
		C5587A1F261C9A07009FB19D /* NavigationModels.swift */ = {isa = PBXFileReference; lastKnownFileType = sourcecode.swift; path = NavigationModels.swift; sourceTree = "<group>"; };
		C5587A28261C9AC1009FB19D /* CustomBtns.swift */ = {isa = PBXFileReference; lastKnownFileType = sourcecode.swift; path = CustomBtns.swift; sourceTree = "<group>"; };
		C5587A30261C9B07009FB19D /* Accessblity.swift */ = {isa = PBXFileReference; lastKnownFileType = sourcecode.swift; path = Accessblity.swift; sourceTree = "<group>"; };
		C5587A35261C9B5A009FB19D /* CustomImgs.swift */ = {isa = PBXFileReference; lastKnownFileType = sourcecode.swift; path = CustomImgs.swift; sourceTree = "<group>"; };
		C5587A3D261CA3D6009FB19D /* ezpay.entitlements */ = {isa = PBXFileReference; lastKnownFileType = text.plist.entitlements; path = ezpay.entitlements; sourceTree = "<group>"; };
		C5587B34261F0D78009FB19D /* DataModel.swift */ = {isa = PBXFileReference; lastKnownFileType = sourcecode.swift; path = DataModel.swift; sourceTree = "<group>"; };
		C5587B3A261F1C5F009FB19D /* SignInVC.swift */ = {isa = PBXFileReference; lastKnownFileType = sourcecode.swift; path = SignInVC.swift; sourceTree = "<group>"; };
		C5587B42261F1D63009FB19D /* DashVC.swift */ = {isa = PBXFileReference; lastKnownFileType = sourcecode.swift; path = DashVC.swift; sourceTree = "<group>"; };
		C5587B4A261F23ED009FB19D /* AddMoneyVC.swift */ = {isa = PBXFileReference; lastKnownFileType = sourcecode.swift; path = AddMoneyVC.swift; sourceTree = "<group>"; };
		C5587B4F261F2409009FB19D /* CustomTxtFlds.swift */ = {isa = PBXFileReference; lastKnownFileType = sourcecode.swift; path = CustomTxtFlds.swift; sourceTree = "<group>"; };
		C5587B54261F35AF009FB19D /* LoaderView.swift */ = {isa = PBXFileReference; lastKnownFileType = sourcecode.swift; path = LoaderView.swift; sourceTree = "<group>"; };
		C5587B79261F42A3009FB19D /* SendMoneyVC.swift */ = {isa = PBXFileReference; lastKnownFileType = sourcecode.swift; path = SendMoneyVC.swift; sourceTree = "<group>"; };
		C5587C4626206212009FB19D /* UserVC.swift */ = {isa = PBXFileReference; lastKnownFileType = sourcecode.swift; path = UserVC.swift; sourceTree = "<group>"; };
		C5587D2F2624CCA7009FB19D /* MainVC.swift */ = {isa = PBXFileReference; lastKnownFileType = sourcecode.swift; path = MainVC.swift; sourceTree = "<group>"; };
		C5587D442625AFF9009FB19D /* MerchantDashVC.swift */ = {isa = PBXFileReference; lastKnownFileType = sourcecode.swift; path = MerchantDashVC.swift; sourceTree = "<group>"; };
		C5587D492625B044009FB19D /* SellProductVC.swift */ = {isa = PBXFileReference; lastKnownFileType = sourcecode.swift; path = SellProductVC.swift; sourceTree = "<group>"; };
		C5587DF2262803D6009FB19D /* EmailSignInVC.swift */ = {isa = PBXFileReference; lastKnownFileType = sourcecode.swift; path = EmailSignInVC.swift; sourceTree = "<group>"; };
		C5587E2C26287686009FB19D /* EmailSignUPVC.swift */ = {isa = PBXFileReference; lastKnownFileType = sourcecode.swift; path = EmailSignUPVC.swift; sourceTree = "<group>"; };
		C55EC8382616FE6200F2885E /* AppDelegate.swift */ = {isa = PBXFileReference; lastKnownFileType = sourcecode.swift; path = AppDelegate.swift; sourceTree = "<group>"; };
		C55EC83A2616FE6200F2885E /* SceneDelegate.swift */ = {isa = PBXFileReference; lastKnownFileType = sourcecode.swift; path = SceneDelegate.swift; sourceTree = "<group>"; };
		C55EC83C2616FE6200F2885E /* ViewController.swift */ = {isa = PBXFileReference; lastKnownFileType = sourcecode.swift; path = ViewController.swift; sourceTree = "<group>"; };
		C55EC83F2616FE6200F2885E /* Base */ = {isa = PBXFileReference; lastKnownFileType = file.storyboard; name = Base; path = Base.lproj/Main.storyboard; sourceTree = "<group>"; };
		C55EC8422616FE6200F2885E /* ezpay.xcdatamodel */ = {isa = PBXFileReference; lastKnownFileType = wrapper.xcdatamodel; path = ezpay.xcdatamodel; sourceTree = "<group>"; };
		C55EC8442616FE6300F2885E /* Assets.xcassets */ = {isa = PBXFileReference; lastKnownFileType = folder.assetcatalog; path = Assets.xcassets; sourceTree = "<group>"; };
		C55EC8472616FE6300F2885E /* Base */ = {isa = PBXFileReference; lastKnownFileType = file.storyboard; name = Base; path = Base.lproj/LaunchScreen.storyboard; sourceTree = "<group>"; };
		C55EC8492616FE6300F2885E /* Info.plist */ = {isa = PBXFileReference; lastKnownFileType = text.plist.xml; path = Info.plist; sourceTree = "<group>"; };
		C55EC8522616FE6300F2885E /* ezpayTests.swift */ = {isa = PBXFileReference; lastKnownFileType = sourcecode.swift; path = ezpayTests.swift; sourceTree = "<group>"; };
		C55EC8542616FE6300F2885E /* Info.plist */ = {isa = PBXFileReference; lastKnownFileType = text.plist.xml; path = Info.plist; sourceTree = "<group>"; };
		C55EC85D2616FE6300F2885E /* ezpayUITests.swift */ = {isa = PBXFileReference; lastKnownFileType = sourcecode.swift; path = ezpayUITests.swift; sourceTree = "<group>"; };
		C55EC85F2616FE6300F2885E /* Info.plist */ = {isa = PBXFileReference; lastKnownFileType = text.plist.xml; path = Info.plist; sourceTree = "<group>"; };
		C56101542653694700DFBB62 /* GoogleService-Info.plist */ = {isa = PBXFileReference; fileEncoding = 4; lastKnownFileType = text.plist.xml; path = "GoogleService-Info.plist"; sourceTree = "<group>"; };
		C561015C26536DBC00DFBB62 /* PaymentVC.swift */ = {isa = PBXFileReference; lastKnownFileType = sourcecode.swift; path = PaymentVC.swift; sourceTree = "<group>"; };
		C561016126536EAF00DFBB62 /* FireStore.swift */ = {isa = PBXFileReference; lastKnownFileType = sourcecode.swift; path = FireStore.swift; sourceTree = "<group>"; };
		C56101E22653D15300DFBB62 /* CheckController.swift */ = {isa = PBXFileReference; lastKnownFileType = sourcecode.swift; path = CheckController.swift; sourceTree = "<group>"; };
		C56D514E26A6E99C0096E910 /* AppDelegate.swift */ = {isa = PBXFileReference; lastKnownFileType = sourcecode.swift; path = AppDelegate.swift; sourceTree = "<group>"; };
		C56D515026A6E99C0096E910 /* SceneDelegate.swift */ = {isa = PBXFileReference; lastKnownFileType = sourcecode.swift; path = SceneDelegate.swift; sourceTree = "<group>"; };
		C56D515226A6E99C0096E910 /* ViewController.swift */ = {isa = PBXFileReference; lastKnownFileType = sourcecode.swift; path = ViewController.swift; sourceTree = "<group>"; };
		C56D515526A6E99C0096E910 /* Base */ = {isa = PBXFileReference; lastKnownFileType = file.storyboard; name = Base; path = Base.lproj/Main.storyboard; sourceTree = "<group>"; };
		C56D515826A6E99C0096E910 /* ezpay_Appclip.xcdatamodel */ = {isa = PBXFileReference; lastKnownFileType = wrapper.xcdatamodel; path = ezpay_Appclip.xcdatamodel; sourceTree = "<group>"; };
		C56D515A26A6E99E0096E910 /* Assets.xcassets */ = {isa = PBXFileReference; lastKnownFileType = folder.assetcatalog; path = Assets.xcassets; sourceTree = "<group>"; };
		C56D515D26A6E99E0096E910 /* Base */ = {isa = PBXFileReference; lastKnownFileType = file.storyboard; name = Base; path = Base.lproj/LaunchScreen.storyboard; sourceTree = "<group>"; };
		C56D515F26A6E99E0096E910 /* Info.plist */ = {isa = PBXFileReference; lastKnownFileType = text.plist.xml; path = Info.plist; sourceTree = "<group>"; };
		C56D516026A6E99E0096E910 /* ezpay_Appclip.entitlements */ = {isa = PBXFileReference; lastKnownFileType = text.plist.entitlements; path = ezpay_Appclip.entitlements; sourceTree = "<group>"; };
		C56D516926A6E99F0096E910 /* ezpay_AppclipTests.swift */ = {isa = PBXFileReference; lastKnownFileType = sourcecode.swift; path = ezpay_AppclipTests.swift; sourceTree = "<group>"; };
		C56D516B26A6E99F0096E910 /* Info.plist */ = {isa = PBXFileReference; lastKnownFileType = text.plist.xml; path = Info.plist; sourceTree = "<group>"; };
		C56D517426A6E99F0096E910 /* ezpay_AppclipUITests.swift */ = {isa = PBXFileReference; lastKnownFileType = sourcecode.swift; path = ezpay_AppclipUITests.swift; sourceTree = "<group>"; };
		C56D517626A6E99F0096E910 /* Info.plist */ = {isa = PBXFileReference; lastKnownFileType = text.plist.xml; path = Info.plist; sourceTree = "<group>"; };
		C571BA5026AF384E000E6BB7 /* ezpay Appclip.app */ = {isa = PBXFileReference; explicitFileType = wrapper.application; includeInIndex = 0; path = "ezpay Appclip.app"; sourceTree = BUILT_PRODUCTS_DIR; };
		C571BDA026AFC6D3000E6BB7 /* ezpay.app */ = {isa = PBXFileReference; explicitFileType = wrapper.application; includeInIndex = 0; path = ezpay.app; sourceTree = BUILT_PRODUCTS_DIR; };
		C571BDA126AFC6D3000E6BB7 /* ezpayTests.xctest */ = {isa = PBXFileReference; explicitFileType = wrapper.cfbundle; includeInIndex = 0; path = ezpayTests.xctest; sourceTree = BUILT_PRODUCTS_DIR; };
		C571BDA226AFC6D3000E6BB7 /* ezpayUITests.xctest */ = {isa = PBXFileReference; explicitFileType = wrapper.cfbundle; includeInIndex = 0; path = ezpayUITests.xctest; sourceTree = BUILT_PRODUCTS_DIR; };
		C571BDA326AFC6D3000E6BB7 /* ezpay AppclipTests.xctest */ = {isa = PBXFileReference; explicitFileType = wrapper.cfbundle; includeInIndex = 0; path = "ezpay AppclipTests.xctest"; sourceTree = BUILT_PRODUCTS_DIR; };
		C571BDA426AFC6D3000E6BB7 /* ezpay AppclipUITests.xctest */ = {isa = PBXFileReference; explicitFileType = wrapper.cfbundle; includeInIndex = 0; path = "ezpay AppclipUITests.xctest"; sourceTree = BUILT_PRODUCTS_DIR; };
		C5E905E926A7FA8C0025C07D /* GoogleService-Info.plist */ = {isa = PBXFileReference; fileEncoding = 4; lastKnownFileType = text.plist.xml; path = "GoogleService-Info.plist"; sourceTree = "<group>"; };
		C75022EB24EF58C9EE67070F /* Pods-ezpay-ezpayUITests.debug.xcconfig */ = {isa = PBXFileReference; includeInIndex = 1; lastKnownFileType = text.xcconfig; name = "Pods-ezpay-ezpayUITests.debug.xcconfig"; path = "Target Support Files/Pods-ezpay-ezpayUITests/Pods-ezpay-ezpayUITests.debug.xcconfig"; sourceTree = "<group>"; };
		D370D5D41ED336A84765DAEB /* Pods-ezpayTests.release.xcconfig */ = {isa = PBXFileReference; includeInIndex = 1; lastKnownFileType = text.xcconfig; name = "Pods-ezpayTests.release.xcconfig"; path = "Target Support Files/Pods-ezpayTests/Pods-ezpayTests.release.xcconfig"; sourceTree = "<group>"; };
		D4E95E30879B238ABB501D85 /* Pods-ezpay-ezpayUITests.release.xcconfig */ = {isa = PBXFileReference; includeInIndex = 1; lastKnownFileType = text.xcconfig; name = "Pods-ezpay-ezpayUITests.release.xcconfig"; path = "Target Support Files/Pods-ezpay-ezpayUITests/Pods-ezpay-ezpayUITests.release.xcconfig"; sourceTree = "<group>"; };
/* End PBXFileReference section */

/* Begin PBXFrameworksBuildPhase section */
		C55EC8322616FE6200F2885E /* Frameworks */ = {
			isa = PBXFrameworksBuildPhase;
			buildActionMask = 2147483647;
			files = (
				FD4FC378E15BCD82107C1F27 /* Pods_ezpay.framework in Frameworks */,
			);
			runOnlyForDeploymentPostprocessing = 0;
		};
		C55EC84B2616FE6300F2885E /* Frameworks */ = {
			isa = PBXFrameworksBuildPhase;
			buildActionMask = 2147483647;
			files = (
				31E08F7A3A8FBB6D46C012C6 /* Pods_ezpayTests.framework in Frameworks */,
			);
			runOnlyForDeploymentPostprocessing = 0;
		};
		C55EC8562616FE6300F2885E /* Frameworks */ = {
			isa = PBXFrameworksBuildPhase;
			buildActionMask = 2147483647;
			files = (
				DEFCDB701274739157589C5A /* Pods_ezpay_ezpayUITests.framework in Frameworks */,
			);
			runOnlyForDeploymentPostprocessing = 0;
		};
		C56D514926A6E99C0096E910 /* Frameworks */ = {
			isa = PBXFrameworksBuildPhase;
			buildActionMask = 2147483647;
			files = (
			);
			runOnlyForDeploymentPostprocessing = 0;
		};
		C56D516226A6E99F0096E910 /* Frameworks */ = {
			isa = PBXFrameworksBuildPhase;
			buildActionMask = 2147483647;
			files = (
			);
			runOnlyForDeploymentPostprocessing = 0;
		};
		C56D516D26A6E99F0096E910 /* Frameworks */ = {
			isa = PBXFrameworksBuildPhase;
			buildActionMask = 2147483647;
			files = (
			);
			runOnlyForDeploymentPostprocessing = 0;
		};
/* End PBXFrameworksBuildPhase section */

/* Begin PBXGroup section */
		C55879F7261C97A5009FB19D /* Utils */ = {
			isa = PBXGroup;
			children = (
			);
			path = Utils;
			sourceTree = "<group>";
		};
		C55879F8261C97AF009FB19D /* Extensions */ = {
			isa = PBXGroup;
			children = (
				C55879F9261C97D7009FB19D /* Constaints.swift */,
				C5587A01261C9860009FB19D /* Otherextensions.swift */,
			);
			path = Extensions;
			sourceTree = "<group>";
		};
		C5587A1E261C99EC009FB19D /* Models */ = {
			isa = PBXGroup;
			children = (
				C5587A1F261C9A07009FB19D /* NavigationModels.swift */,
				C5587B34261F0D78009FB19D /* DataModel.swift */,
			);
			path = Models;
			sourceTree = "<group>";
		};
		C5587A27261C9A8E009FB19D /* Components */ = {
			isa = PBXGroup;
			children = (
				C5587A28261C9AC1009FB19D /* CustomBtns.swift */,
				C5587A30261C9B07009FB19D /* Accessblity.swift */,
				C5587A35261C9B5A009FB19D /* CustomImgs.swift */,
				C5587B4F261F2409009FB19D /* CustomTxtFlds.swift */,
				C5587B54261F35AF009FB19D /* LoaderView.swift */,
			);
			path = Components;
			sourceTree = "<group>";
		};
		C5587B39261F1C34009FB19D /* Controllers */ = {
			isa = PBXGroup;
			children = (
				C5587D2F2624CCA7009FB19D /* MainVC.swift */,
				C5587B3A261F1C5F009FB19D /* SignInVC.swift */,
				C5587DF2262803D6009FB19D /* EmailSignInVC.swift */,
				C5587E2C26287686009FB19D /* EmailSignUPVC.swift */,
				C5587B42261F1D63009FB19D /* DashVC.swift */,
				C5587D442625AFF9009FB19D /* MerchantDashVC.swift */,
				C5587B4A261F23ED009FB19D /* AddMoneyVC.swift */,
				C5587C4626206212009FB19D /* UserVC.swift */,
				C5587B79261F42A3009FB19D /* SendMoneyVC.swift */,
				C5587D492625B044009FB19D /* SellProductVC.swift */,
				C561015C26536DBC00DFBB62 /* PaymentVC.swift */,
				C561016126536EAF00DFBB62 /* FireStore.swift */,
				C56101E22653D15300DFBB62 /* CheckController.swift */,
			);
			path = Controllers;
			sourceTree = "<group>";
		};
		C55EC82C2616FE6200F2885E = {
			isa = PBXGroup;
			children = (
				C5E9049426A7DFE20025C07D /* Shared */,
				C55EC8372616FE6200F2885E /* ezpay */,
				C55EC8512616FE6300F2885E /* ezpayTests */,
				C55EC85C2616FE6300F2885E /* ezpayUITests */,
				C56D514D26A6E99C0096E910 /* ezpay Appclip */,
				C56D516826A6E99F0096E910 /* ezpay AppclipTests */,
				C56D517326A6E99F0096E910 /* ezpay AppclipUITests */,
				FBAF5C37E658168D18D6B66D /* Pods */,
				DE91331C7A00F2F9604B0765 /* Frameworks */,
				C571BA5026AF384E000E6BB7 /* ezpay Appclip.app */,
				C571BDA026AFC6D3000E6BB7 /* ezpay.app */,
				C571BDA126AFC6D3000E6BB7 /* ezpayTests.xctest */,
				C571BDA226AFC6D3000E6BB7 /* ezpayUITests.xctest */,
				C571BDA326AFC6D3000E6BB7 /* ezpay AppclipTests.xctest */,
				C571BDA426AFC6D3000E6BB7 /* ezpay AppclipUITests.xctest */,
			);
			sourceTree = "<group>";
		};
		C55EC8372616FE6200F2885E /* ezpay */ = {
			isa = PBXGroup;
			children = (
				C55879F7261C97A5009FB19D /* Utils */,
				C5587A3D261CA3D6009FB19D /* ezpay.entitlements */,
				C5587B39261F1C34009FB19D /* Controllers */,
				C55EC8382616FE6200F2885E /* AppDelegate.swift */,
				C55EC83A2616FE6200F2885E /* SceneDelegate.swift */,
				C55EC83C2616FE6200F2885E /* ViewController.swift */,
				C55EC83E2616FE6200F2885E /* Main.storyboard */,
				C55EC8442616FE6300F2885E /* Assets.xcassets */,
				C56101542653694700DFBB62 /* GoogleService-Info.plist */,
				C55EC8462616FE6300F2885E /* LaunchScreen.storyboard */,
				C55EC8492616FE6300F2885E /* Info.plist */,
				C55EC8412616FE6200F2885E /* ezpay.xcdatamodeld */,
			);
			path = ezpay;
			sourceTree = "<group>";
		};
		C55EC8512616FE6300F2885E /* ezpayTests */ = {
			isa = PBXGroup;
			children = (
				C55EC8522616FE6300F2885E /* ezpayTests.swift */,
				C55EC8542616FE6300F2885E /* Info.plist */,
			);
			path = ezpayTests;
			sourceTree = "<group>";
		};
		C55EC85C2616FE6300F2885E /* ezpayUITests */ = {
			isa = PBXGroup;
			children = (
				C55EC85D2616FE6300F2885E /* ezpayUITests.swift */,
				C55EC85F2616FE6300F2885E /* Info.plist */,
			);
			path = ezpayUITests;
			sourceTree = "<group>";
		};
		C56D514D26A6E99C0096E910 /* ezpay Appclip */ = {
			isa = PBXGroup;
			children = (
				C56D514E26A6E99C0096E910 /* AppDelegate.swift */,
				C56D515026A6E99C0096E910 /* SceneDelegate.swift */,
				C56D515226A6E99C0096E910 /* ViewController.swift */,
				C56D515426A6E99C0096E910 /* Main.storyboard */,
				C56D515A26A6E99E0096E910 /* Assets.xcassets */,
				C56D515C26A6E99E0096E910 /* LaunchScreen.storyboard */,
				C56D515F26A6E99E0096E910 /* Info.plist */,
				C56D516026A6E99E0096E910 /* ezpay_Appclip.entitlements */,
				C5E905E926A7FA8C0025C07D /* GoogleService-Info.plist */,
				C56D515726A6E99C0096E910 /* ezpay_Appclip.xcdatamodeld */,
			);
			path = "ezpay Appclip";
			sourceTree = "<group>";
		};
		C56D516826A6E99F0096E910 /* ezpay AppclipTests */ = {
			isa = PBXGroup;
			children = (
				C56D516926A6E99F0096E910 /* ezpay_AppclipTests.swift */,
				C56D516B26A6E99F0096E910 /* Info.plist */,
			);
			path = "ezpay AppclipTests";
			sourceTree = "<group>";
		};
		C56D517326A6E99F0096E910 /* ezpay AppclipUITests */ = {
			isa = PBXGroup;
			children = (
				C56D517426A6E99F0096E910 /* ezpay_AppclipUITests.swift */,
				C56D517626A6E99F0096E910 /* Info.plist */,
			);
			path = "ezpay AppclipUITests";
			sourceTree = "<group>";
		};
		C5E9049426A7DFE20025C07D /* Shared */ = {
			isa = PBXGroup;
			children = (
				C55879F8261C97AF009FB19D /* Extensions */,
				C5587A1E261C99EC009FB19D /* Models */,
				C5587A27261C9A8E009FB19D /* Components */,
			);
			path = Shared;
			sourceTree = "<group>";
		};
		D7ED68918A8791530E33842E /* Frameworks */ = {
			isa = PBXGroup;
			children = (
				84809F254B5D2670706E314F /* libPods-ezpay.a */,
				4F207B758B0A24C30AF1D8A3 /* libPods-ezpayTests.a */,
				7B71C1BDA6BF89AE2E2BBCBA /* libPods-ezpay-ezpayUITests.a */,
			);
			name = Frameworks;
			path = ..;
			sourceTree = "<group>";
		};
		DE91331C7A00F2F9604B0765 /* Frameworks */ = {
			isa = PBXGroup;
			children = (
				0E065A469F4E234D4BD0795D /* Pods_ezpay.framework */,
				37A680BECB2BCF1120949BE5 /* Pods_ezpay_ezpayUITests.framework */,
				AE6E5C4BD85FFE15E40A21DE /* Pods_ezpayTests.framework */,
			);
			name = Frameworks;
			sourceTree = "<group>";
		};
		FBAF5C37E658168D18D6B66D /* Pods */ = {
			isa = PBXGroup;
			children = (
				66B18F49DD9E17E134D6F1A4 /* Pods-ezpay.debug.xcconfig */,
				6090CCDCF3D823E5A32274FD /* Pods-ezpay.release.xcconfig */,
				C75022EB24EF58C9EE67070F /* Pods-ezpay-ezpayUITests.debug.xcconfig */,
				D4E95E30879B238ABB501D85 /* Pods-ezpay-ezpayUITests.release.xcconfig */,
				9C2FB0EB87F692317A83ECBC /* Pods-ezpayTests.debug.xcconfig */,
				D370D5D41ED336A84765DAEB /* Pods-ezpayTests.release.xcconfig */,
				D7ED68918A8791530E33842E /* Frameworks */,
			);
			path = Pods;
			sourceTree = "<group>";
		};
/* End PBXGroup section */

/* Begin PBXNativeTarget section */
		C55EC8342616FE6200F2885E /* ezpay */ = {
			isa = PBXNativeTarget;
			buildConfigurationList = C55EC8622616FE6300F2885E /* Build configuration list for PBXNativeTarget "ezpay" */;
			buildPhases = (
				9018C53887CC3BEE204D777D /* [CP] Check Pods Manifest.lock */,
				C55EC8312616FE6200F2885E /* Sources */,
				C55EC8322616FE6200F2885E /* Frameworks */,
				C55EC8332616FE6200F2885E /* Resources */,
				C50E4BB8267F9E0D000CE5FA /* Embed App Clips */,
				E11A3F550A7F86B1941D7DAD /* [CP] Copy Pods Resources */,
				9A73D7BD046C5478CCFB914F /* [CP] Embed Pods Frameworks */,
			);
			buildRules = (
			);
			dependencies = (
				C56D517826A6E99F0096E910 /* PBXTargetDependency */,
			);
			name = ezpay;
			productName = ezpay;
			productReference = C571BDA026AFC6D3000E6BB7 /* ezpay.app */;
			productType = "com.apple.product-type.application";
		};
		C55EC84D2616FE6300F2885E /* ezpayTests */ = {
			isa = PBXNativeTarget;
			buildConfigurationList = C55EC8652616FE6300F2885E /* Build configuration list for PBXNativeTarget "ezpayTests" */;
			buildPhases = (
				2894393CF73784F1CC9E0014 /* [CP] Check Pods Manifest.lock */,
				C55EC84A2616FE6300F2885E /* Sources */,
				C55EC84B2616FE6300F2885E /* Frameworks */,
				C55EC84C2616FE6300F2885E /* Resources */,
			);
			buildRules = (
			);
			dependencies = (
				C55EC8502616FE6300F2885E /* PBXTargetDependency */,
			);
			name = ezpayTests;
			productName = ezpayTests;
			productReference = C571BDA126AFC6D3000E6BB7 /* ezpayTests.xctest */;
			productType = "com.apple.product-type.bundle.unit-test";
		};
		C55EC8582616FE6300F2885E /* ezpayUITests */ = {
			isa = PBXNativeTarget;
			buildConfigurationList = C55EC8682616FE6300F2885E /* Build configuration list for PBXNativeTarget "ezpayUITests" */;
			buildPhases = (
				4191154A2C3661062493D7C9 /* [CP] Check Pods Manifest.lock */,
				C55EC8552616FE6300F2885E /* Sources */,
				C55EC8562616FE6300F2885E /* Frameworks */,
				C55EC8572616FE6300F2885E /* Resources */,
				F1D55ECA9913FC1B2E6E6441 /* [CP] Copy Pods Resources */,
				534A816185045442C145B5AB /* [CP] Embed Pods Frameworks */,
			);
			buildRules = (
			);
			dependencies = (
				C55EC85B2616FE6300F2885E /* PBXTargetDependency */,
			);
			name = ezpayUITests;
			productName = ezpayUITests;
			productReference = C571BDA226AFC6D3000E6BB7 /* ezpayUITests.xctest */;
			productType = "com.apple.product-type.bundle.ui-testing";
		};
		C56D514B26A6E99C0096E910 /* ezpay Appclip */ = {
			isa = PBXNativeTarget;
			buildConfigurationList = C56D518026A6E99F0096E910 /* Build configuration list for PBXNativeTarget "ezpay Appclip" */;
			buildPhases = (
				C56D514826A6E99C0096E910 /* Sources */,
				C56D514926A6E99C0096E910 /* Frameworks */,
				C56D514A26A6E99C0096E910 /* Resources */,
			);
			buildRules = (
			);
			dependencies = (
			);
			name = "ezpay Appclip";
			productName = "ezpay Appclip";
			productReference = C571BA5026AF384E000E6BB7 /* ezpay Appclip.app */;
			productType = "com.apple.product-type.application.on-demand-install-capable";
		};
		C56D516426A6E99F0096E910 /* ezpay AppclipTests */ = {
			isa = PBXNativeTarget;
			buildConfigurationList = C56D518126A6E99F0096E910 /* Build configuration list for PBXNativeTarget "ezpay AppclipTests" */;
			buildPhases = (
				C56D516126A6E99F0096E910 /* Sources */,
				C56D516226A6E99F0096E910 /* Frameworks */,
				C56D516326A6E99F0096E910 /* Resources */,
			);
			buildRules = (
			);
			dependencies = (
				C56D516726A6E99F0096E910 /* PBXTargetDependency */,
			);
			name = "ezpay AppclipTests";
			productName = "ezpay AppclipTests";
			productReference = C571BDA326AFC6D3000E6BB7 /* ezpay AppclipTests.xctest */;
			productType = "com.apple.product-type.bundle.unit-test";
		};
		C56D516F26A6E99F0096E910 /* ezpay AppclipUITests */ = {
			isa = PBXNativeTarget;
			buildConfigurationList = C56D518226A6E99F0096E910 /* Build configuration list for PBXNativeTarget "ezpay AppclipUITests" */;
			buildPhases = (
				C56D516C26A6E99F0096E910 /* Sources */,
				C56D516D26A6E99F0096E910 /* Frameworks */,
				C56D516E26A6E99F0096E910 /* Resources */,
			);
			buildRules = (
			);
			dependencies = (
				C56D517226A6E99F0096E910 /* PBXTargetDependency */,
			);
			name = "ezpay AppclipUITests";
			productName = "ezpay AppclipUITests";
			productReference = C571BDA426AFC6D3000E6BB7 /* ezpay AppclipUITests.xctest */;
			productType = "com.apple.product-type.bundle.ui-testing";
		};
/* End PBXNativeTarget section */

/* Begin PBXProject section */
		C55EC82D2616FE6200F2885E /* Project object */ = {
			isa = PBXProject;
			attributes = {
				LastSwiftUpdateCheck = 1240;
				LastUpgradeCheck = 1240;
				TargetAttributes = {
					C55EC8342616FE6200F2885E = {
						CreatedOnToolsVersion = 12.4;
					};
					C55EC84D2616FE6300F2885E = {
						CreatedOnToolsVersion = 12.4;
						TestTargetID = C55EC8342616FE6200F2885E;
					};
					C55EC8582616FE6300F2885E = {
						CreatedOnToolsVersion = 12.4;
						TestTargetID = C55EC8342616FE6200F2885E;
					};
					C56D514B26A6E99C0096E910 = {
						CreatedOnToolsVersion = 12.4;
					};
					C56D516426A6E99F0096E910 = {
						CreatedOnToolsVersion = 12.4;
						TestTargetID = C56D514B26A6E99C0096E910;
					};
					C56D516F26A6E99F0096E910 = {
						CreatedOnToolsVersion = 12.4;
						TestTargetID = C56D514B26A6E99C0096E910;
					};
				};
			};
			buildConfigurationList = C55EC8302616FE6200F2885E /* Build configuration list for PBXProject "ezpay" */;
			compatibilityVersion = "Xcode 9.3";
			developmentRegion = en;
			hasScannedForEncodings = 0;
			knownRegions = (
				en,
				Base,
			);
			mainGroup = C55EC82C2616FE6200F2885E;
			productRefGroup = C55EC82C2616FE6200F2885E;
			projectDirPath = "";
			projectRoot = "";
			targets = (
				C55EC8342616FE6200F2885E /* ezpay */,
				C55EC84D2616FE6300F2885E /* ezpayTests */,
				C55EC8582616FE6300F2885E /* ezpayUITests */,
				C56D514B26A6E99C0096E910 /* ezpay Appclip */,
				C56D516426A6E99F0096E910 /* ezpay AppclipTests */,
				C56D516F26A6E99F0096E910 /* ezpay AppclipUITests */,
			);
		};
/* End PBXProject section */

/* Begin PBXResourcesBuildPhase section */
		C55EC8332616FE6200F2885E /* Resources */ = {
			isa = PBXResourcesBuildPhase;
			buildActionMask = 2147483647;
			files = (
				C571B88126AE76A5000E6BB7 /* GoogleService-Info.plist in Resources */,
				C55EC8482616FE6300F2885E /* LaunchScreen.storyboard in Resources */,
				C55EC8452616FE6300F2885E /* Assets.xcassets in Resources */,
				C55EC8402616FE6200F2885E /* Main.storyboard in Resources */,
			);
			runOnlyForDeploymentPostprocessing = 0;
		};
		C55EC84C2616FE6300F2885E /* Resources */ = {
			isa = PBXResourcesBuildPhase;
			buildActionMask = 2147483647;
			files = (
			);
			runOnlyForDeploymentPostprocessing = 0;
		};
		C55EC8572616FE6300F2885E /* Resources */ = {
			isa = PBXResourcesBuildPhase;
			buildActionMask = 2147483647;
			files = (
			);
			runOnlyForDeploymentPostprocessing = 0;
		};
		C56D514A26A6E99C0096E910 /* Resources */ = {
			isa = PBXResourcesBuildPhase;
			buildActionMask = 2147483647;
			files = (
				C571B88826AE76B5000E6BB7 /* GoogleService-Info.plist in Resources */,
				C56D515E26A6E99E0096E910 /* LaunchScreen.storyboard in Resources */,
				C56D515B26A6E99E0096E910 /* Assets.xcassets in Resources */,
				C56D515626A6E99C0096E910 /* Main.storyboard in Resources */,
			);
			runOnlyForDeploymentPostprocessing = 0;
		};
		C56D516326A6E99F0096E910 /* Resources */ = {
			isa = PBXResourcesBuildPhase;
			buildActionMask = 2147483647;
			files = (
			);
			runOnlyForDeploymentPostprocessing = 0;
		};
		C56D516E26A6E99F0096E910 /* Resources */ = {
			isa = PBXResourcesBuildPhase;
			buildActionMask = 2147483647;
			files = (
			);
			runOnlyForDeploymentPostprocessing = 0;
		};
/* End PBXResourcesBuildPhase section */

/* Begin PBXShellScriptBuildPhase section */
		2894393CF73784F1CC9E0014 /* [CP] Check Pods Manifest.lock */ = {
			isa = PBXShellScriptBuildPhase;
			buildActionMask = 2147483647;
			files = (
			);
			inputFileListPaths = (
			);
			inputPaths = (
				"${PODS_PODFILE_DIR_PATH}/Podfile.lock",
				"${PODS_ROOT}/Manifest.lock",
			);
			name = "[CP] Check Pods Manifest.lock";
			outputFileListPaths = (
			);
			outputPaths = (
				"$(DERIVED_FILE_DIR)/Pods-ezpayTests-checkManifestLockResult.txt",
			);
			runOnlyForDeploymentPostprocessing = 0;
			shellPath = /bin/sh;
			shellScript = "diff \"${PODS_PODFILE_DIR_PATH}/Podfile.lock\" \"${PODS_ROOT}/Manifest.lock\" > /dev/null\nif [ $? != 0 ] ; then\n    # print error to STDERR\n    echo \"error: The sandbox is not in sync with the Podfile.lock. Run 'pod install' or update your CocoaPods installation.\" >&2\n    exit 1\nfi\n# This output is used by Xcode 'outputs' to avoid re-running this script phase.\necho \"SUCCESS\" > \"${SCRIPT_OUTPUT_FILE_0}\"\n";
			showEnvVarsInLog = 0;
		};
		4191154A2C3661062493D7C9 /* [CP] Check Pods Manifest.lock */ = {
			isa = PBXShellScriptBuildPhase;
			buildActionMask = 2147483647;
			files = (
			);
			inputFileListPaths = (
			);
			inputPaths = (
				"${PODS_PODFILE_DIR_PATH}/Podfile.lock",
				"${PODS_ROOT}/Manifest.lock",
			);
			name = "[CP] Check Pods Manifest.lock";
			outputFileListPaths = (
			);
			outputPaths = (
				"$(DERIVED_FILE_DIR)/Pods-ezpay-ezpayUITests-checkManifestLockResult.txt",
			);
			runOnlyForDeploymentPostprocessing = 0;
			shellPath = /bin/sh;
			shellScript = "diff \"${PODS_PODFILE_DIR_PATH}/Podfile.lock\" \"${PODS_ROOT}/Manifest.lock\" > /dev/null\nif [ $? != 0 ] ; then\n    # print error to STDERR\n    echo \"error: The sandbox is not in sync with the Podfile.lock. Run 'pod install' or update your CocoaPods installation.\" >&2\n    exit 1\nfi\n# This output is used by Xcode 'outputs' to avoid re-running this script phase.\necho \"SUCCESS\" > \"${SCRIPT_OUTPUT_FILE_0}\"\n";
			showEnvVarsInLog = 0;
		};
		534A816185045442C145B5AB /* [CP] Embed Pods Frameworks */ = {
			isa = PBXShellScriptBuildPhase;
			buildActionMask = 2147483647;
			files = (
			);
			inputFileListPaths = (
				"${PODS_ROOT}/Target Support Files/Pods-ezpay-ezpayUITests/Pods-ezpay-ezpayUITests-frameworks-${CONFIGURATION}-input-files.xcfilelist",
			);
			name = "[CP] Embed Pods Frameworks";
			outputFileListPaths = (
				"${PODS_ROOT}/Target Support Files/Pods-ezpay-ezpayUITests/Pods-ezpay-ezpayUITests-frameworks-${CONFIGURATION}-output-files.xcfilelist",
			);
			runOnlyForDeploymentPostprocessing = 0;
			shellPath = /bin/sh;
			shellScript = "\"${PODS_ROOT}/Target Support Files/Pods-ezpay-ezpayUITests/Pods-ezpay-ezpayUITests-frameworks.sh\"\n";
			showEnvVarsInLog = 0;
		};
		9018C53887CC3BEE204D777D /* [CP] Check Pods Manifest.lock */ = {
			isa = PBXShellScriptBuildPhase;
			buildActionMask = 2147483647;
			files = (
			);
			inputFileListPaths = (
			);
			inputPaths = (
				"${PODS_PODFILE_DIR_PATH}/Podfile.lock",
				"${PODS_ROOT}/Manifest.lock",
			);
			name = "[CP] Check Pods Manifest.lock";
			outputFileListPaths = (
			);
			outputPaths = (
				"$(DERIVED_FILE_DIR)/Pods-ezpay-checkManifestLockResult.txt",
			);
			runOnlyForDeploymentPostprocessing = 0;
			shellPath = /bin/sh;
			shellScript = "diff \"${PODS_PODFILE_DIR_PATH}/Podfile.lock\" \"${PODS_ROOT}/Manifest.lock\" > /dev/null\nif [ $? != 0 ] ; then\n    # print error to STDERR\n    echo \"error: The sandbox is not in sync with the Podfile.lock. Run 'pod install' or update your CocoaPods installation.\" >&2\n    exit 1\nfi\n# This output is used by Xcode 'outputs' to avoid re-running this script phase.\necho \"SUCCESS\" > \"${SCRIPT_OUTPUT_FILE_0}\"\n";
			showEnvVarsInLog = 0;
		};
		9A73D7BD046C5478CCFB914F /* [CP] Embed Pods Frameworks */ = {
			isa = PBXShellScriptBuildPhase;
			buildActionMask = 2147483647;
			files = (
			);
			inputFileListPaths = (
				"${PODS_ROOT}/Target Support Files/Pods-ezpay/Pods-ezpay-frameworks-${CONFIGURATION}-input-files.xcfilelist",
			);
			name = "[CP] Embed Pods Frameworks";
			outputFileListPaths = (
				"${PODS_ROOT}/Target Support Files/Pods-ezpay/Pods-ezpay-frameworks-${CONFIGURATION}-output-files.xcfilelist",
			);
			runOnlyForDeploymentPostprocessing = 0;
			shellPath = /bin/sh;
			shellScript = "\"${PODS_ROOT}/Target Support Files/Pods-ezpay/Pods-ezpay-frameworks.sh\"\n";
			showEnvVarsInLog = 0;
		};
		E11A3F550A7F86B1941D7DAD /* [CP] Copy Pods Resources */ = {
			isa = PBXShellScriptBuildPhase;
			buildActionMask = 2147483647;
			files = (
			);
			inputFileListPaths = (
				"${PODS_ROOT}/Target Support Files/Pods-ezpay/Pods-ezpay-resources-${CONFIGURATION}-input-files.xcfilelist",
			);
			name = "[CP] Copy Pods Resources";
			outputFileListPaths = (
				"${PODS_ROOT}/Target Support Files/Pods-ezpay/Pods-ezpay-resources-${CONFIGURATION}-output-files.xcfilelist",
			);
			runOnlyForDeploymentPostprocessing = 0;
			shellPath = /bin/sh;
			shellScript = "\"${PODS_ROOT}/Target Support Files/Pods-ezpay/Pods-ezpay-resources.sh\"\n";
			showEnvVarsInLog = 0;
		};
		F1D55ECA9913FC1B2E6E6441 /* [CP] Copy Pods Resources */ = {
			isa = PBXShellScriptBuildPhase;
			buildActionMask = 2147483647;
			files = (
			);
			inputFileListPaths = (
				"${PODS_ROOT}/Target Support Files/Pods-ezpay-ezpayUITests/Pods-ezpay-ezpayUITests-resources-${CONFIGURATION}-input-files.xcfilelist",
			);
			name = "[CP] Copy Pods Resources";
			outputFileListPaths = (
				"${PODS_ROOT}/Target Support Files/Pods-ezpay-ezpayUITests/Pods-ezpay-ezpayUITests-resources-${CONFIGURATION}-output-files.xcfilelist",
			);
			runOnlyForDeploymentPostprocessing = 0;
			shellPath = /bin/sh;
			shellScript = "\"${PODS_ROOT}/Target Support Files/Pods-ezpay-ezpayUITests/Pods-ezpay-ezpayUITests-resources.sh\"\n";
			showEnvVarsInLog = 0;
		};
/* End PBXShellScriptBuildPhase section */

/* Begin PBXSourcesBuildPhase section */
		C55EC8312616FE6200F2885E /* Sources */ = {
			isa = PBXSourcesBuildPhase;
			buildActionMask = 2147483647;
			files = (
				C55EC83D2616FE6200F2885E /* ViewController.swift in Sources */,
				C561015D26536DBC00DFBB62 /* PaymentVC.swift in Sources */,
				C55EC8392616FE6200F2885E /* AppDelegate.swift in Sources */,
				C5587D452625AFF9009FB19D /* MerchantDashVC.swift in Sources */,
				C5587B3B261F1C5F009FB19D /* SignInVC.swift in Sources */,
				C5587B35261F0D78009FB19D /* DataModel.swift in Sources */,
				C55EC83B2616FE6200F2885E /* SceneDelegate.swift in Sources */,
				C5587B4B261F23ED009FB19D /* AddMoneyVC.swift in Sources */,
				C5587A20261C9A07009FB19D /* NavigationModels.swift in Sources */,
				C5587C4726206212009FB19D /* UserVC.swift in Sources */,
				C5587DF3262803D6009FB19D /* EmailSignInVC.swift in Sources */,
				C5587A36261C9B5A009FB19D /* CustomImgs.swift in Sources */,
				C55EC8432616FE6200F2885E /* ezpay.xcdatamodeld in Sources */,
				C5587E2D26287687009FB19D /* EmailSignUPVC.swift in Sources */,
				C561016226536EAF00DFBB62 /* FireStore.swift in Sources */,
				C5587B50261F2409009FB19D /* CustomTxtFlds.swift in Sources */,
				C56101E32653D15300DFBB62 /* CheckController.swift in Sources */,
				C5587B7A261F42A3009FB19D /* SendMoneyVC.swift in Sources */,
				C5587D302624CCA7009FB19D /* MainVC.swift in Sources */,
				C5587A29261C9AC1009FB19D /* CustomBtns.swift in Sources */,
				C5587A02261C9860009FB19D /* Otherextensions.swift in Sources */,
				C55879FA261C97D7009FB19D /* Constaints.swift in Sources */,
				C5587D4A2625B044009FB19D /* SellProductVC.swift in Sources */,
				C5587B55261F35AF009FB19D /* LoaderView.swift in Sources */,
				C5587A31261C9B07009FB19D /* Accessblity.swift in Sources */,
				C5587B43261F1D63009FB19D /* DashVC.swift in Sources */,
			);
			runOnlyForDeploymentPostprocessing = 0;
		};
		C55EC84A2616FE6300F2885E /* Sources */ = {
			isa = PBXSourcesBuildPhase;
			buildActionMask = 2147483647;
			files = (
				C55EC8532616FE6300F2885E /* ezpayTests.swift in Sources */,
			);
			runOnlyForDeploymentPostprocessing = 0;
		};
		C55EC8552616FE6300F2885E /* Sources */ = {
			isa = PBXSourcesBuildPhase;
			buildActionMask = 2147483647;
			files = (
				C55EC85E2616FE6300F2885E /* ezpayUITests.swift in Sources */,
			);
			runOnlyForDeploymentPostprocessing = 0;
		};
		C56D514826A6E99C0096E910 /* Sources */ = {
			isa = PBXSourcesBuildPhase;
			buildActionMask = 2147483647;
			files = (
				C56D515326A6E99C0096E910 /* ViewController.swift in Sources */,
				C56D514F26A6E99C0096E910 /* AppDelegate.swift in Sources */,
				C56D515126A6E99C0096E910 /* SceneDelegate.swift in Sources */,
				C56D515926A6E99C0096E910 /* ezpay_Appclip.xcdatamodeld in Sources */,
				C5E904F826A7E9AD0025C07D /* LoaderView.swift in Sources */,
				C5E904EA26A7E9A40025C07D /* CustomImgs.swift in Sources */,
				C5E9049526A7E0320025C07D /* Constaints.swift in Sources */,
			);
			runOnlyForDeploymentPostprocessing = 0;
		};
		C56D516126A6E99F0096E910 /* Sources */ = {
			isa = PBXSourcesBuildPhase;
			buildActionMask = 2147483647;
			files = (
				C56D516A26A6E99F0096E910 /* ezpay_AppclipTests.swift in Sources */,
			);
			runOnlyForDeploymentPostprocessing = 0;
		};
		C56D516C26A6E99F0096E910 /* Sources */ = {
			isa = PBXSourcesBuildPhase;
			buildActionMask = 2147483647;
			files = (
				C56D517526A6E99F0096E910 /* ezpay_AppclipUITests.swift in Sources */,
			);
			runOnlyForDeploymentPostprocessing = 0;
		};
/* End PBXSourcesBuildPhase section */

/* Begin PBXTargetDependency section */
		C55EC8502616FE6300F2885E /* PBXTargetDependency */ = {
			isa = PBXTargetDependency;
			target = C55EC8342616FE6200F2885E /* ezpay */;
			targetProxy = C55EC84F2616FE6300F2885E /* PBXContainerItemProxy */;
		};
		C55EC85B2616FE6300F2885E /* PBXTargetDependency */ = {
			isa = PBXTargetDependency;
			target = C55EC8342616FE6200F2885E /* ezpay */;
			targetProxy = C55EC85A2616FE6300F2885E /* PBXContainerItemProxy */;
		};
		C56D516726A6E99F0096E910 /* PBXTargetDependency */ = {
			isa = PBXTargetDependency;
			target = C56D514B26A6E99C0096E910 /* ezpay Appclip */;
			targetProxy = C56D516626A6E99F0096E910 /* PBXContainerItemProxy */;
		};
		C56D517226A6E99F0096E910 /* PBXTargetDependency */ = {
			isa = PBXTargetDependency;
			target = C56D514B26A6E99C0096E910 /* ezpay Appclip */;
			targetProxy = C56D517126A6E99F0096E910 /* PBXContainerItemProxy */;
		};
		C56D517826A6E99F0096E910 /* PBXTargetDependency */ = {
			isa = PBXTargetDependency;
			target = C56D514B26A6E99C0096E910 /* ezpay Appclip */;
			targetProxy = C56D517726A6E99F0096E910 /* PBXContainerItemProxy */;
		};
/* End PBXTargetDependency section */

/* Begin PBXVariantGroup section */
		C55EC83E2616FE6200F2885E /* Main.storyboard */ = {
			isa = PBXVariantGroup;
			children = (
				C55EC83F2616FE6200F2885E /* Base */,
			);
			name = Main.storyboard;
			sourceTree = "<group>";
		};
		C55EC8462616FE6300F2885E /* LaunchScreen.storyboard */ = {
			isa = PBXVariantGroup;
			children = (
				C55EC8472616FE6300F2885E /* Base */,
			);
			name = LaunchScreen.storyboard;
			sourceTree = "<group>";
		};
		C56D515426A6E99C0096E910 /* Main.storyboard */ = {
			isa = PBXVariantGroup;
			children = (
				C56D515526A6E99C0096E910 /* Base */,
			);
			name = Main.storyboard;
			sourceTree = "<group>";
		};
		C56D515C26A6E99E0096E910 /* LaunchScreen.storyboard */ = {
			isa = PBXVariantGroup;
			children = (
				C56D515D26A6E99E0096E910 /* Base */,
			);
			name = LaunchScreen.storyboard;
			sourceTree = "<group>";
		};
/* End PBXVariantGroup section */

/* Begin XCBuildConfiguration section */
		C55EC8602616FE6300F2885E /* Debug */ = {
			isa = XCBuildConfiguration;
			buildSettings = {
				ALWAYS_SEARCH_USER_PATHS = NO;
				CLANG_ANALYZER_NONNULL = YES;
				CLANG_ANALYZER_NUMBER_OBJECT_CONVERSION = YES_AGGRESSIVE;
				CLANG_CXX_LANGUAGE_STANDARD = "gnu++14";
				CLANG_CXX_LIBRARY = "libc++";
				CLANG_ENABLE_MODULES = YES;
				CLANG_ENABLE_OBJC_ARC = YES;
				CLANG_ENABLE_OBJC_WEAK = YES;
				CLANG_WARN_BLOCK_CAPTURE_AUTORELEASING = YES;
				CLANG_WARN_BOOL_CONVERSION = YES;
				CLANG_WARN_COMMA = YES;
				CLANG_WARN_CONSTANT_CONVERSION = YES;
				CLANG_WARN_DEPRECATED_OBJC_IMPLEMENTATIONS = YES;
				CLANG_WARN_DIRECT_OBJC_ISA_USAGE = YES_ERROR;
				CLANG_WARN_DOCUMENTATION_COMMENTS = YES;
				CLANG_WARN_EMPTY_BODY = YES;
				CLANG_WARN_ENUM_CONVERSION = YES;
				CLANG_WARN_INFINITE_RECURSION = YES;
				CLANG_WARN_INT_CONVERSION = YES;
				CLANG_WARN_NON_LITERAL_NULL_CONVERSION = YES;
				CLANG_WARN_OBJC_IMPLICIT_RETAIN_SELF = YES;
				CLANG_WARN_OBJC_LITERAL_CONVERSION = YES;
				CLANG_WARN_OBJC_ROOT_CLASS = YES_ERROR;
				CLANG_WARN_QUOTED_INCLUDE_IN_FRAMEWORK_HEADER = YES;
				CLANG_WARN_RANGE_LOOP_ANALYSIS = YES;
				CLANG_WARN_STRICT_PROTOTYPES = YES;
				CLANG_WARN_SUSPICIOUS_MOVE = YES;
				CLANG_WARN_UNGUARDED_AVAILABILITY = YES_AGGRESSIVE;
				CLANG_WARN_UNREACHABLE_CODE = YES;
				CLANG_WARN__DUPLICATE_METHOD_MATCH = YES;
				COPY_PHASE_STRIP = NO;
				DEBUG_INFORMATION_FORMAT = dwarf;
				ENABLE_STRICT_OBJC_MSGSEND = YES;
				ENABLE_TESTABILITY = YES;
				GCC_C_LANGUAGE_STANDARD = gnu11;
				GCC_DYNAMIC_NO_PIC = NO;
				GCC_NO_COMMON_BLOCKS = YES;
				GCC_OPTIMIZATION_LEVEL = 0;
				GCC_PREPROCESSOR_DEFINITIONS = (
					"DEBUG=1",
					"$(inherited)",
				);
				GCC_WARN_64_TO_32_BIT_CONVERSION = YES;
				GCC_WARN_ABOUT_RETURN_TYPE = YES_ERROR;
				GCC_WARN_UNDECLARED_SELECTOR = YES;
				GCC_WARN_UNINITIALIZED_AUTOS = YES_AGGRESSIVE;
				GCC_WARN_UNUSED_FUNCTION = YES;
				GCC_WARN_UNUSED_VARIABLE = YES;
				IPHONEOS_DEPLOYMENT_TARGET = 14.4;
				MTL_ENABLE_DEBUG_INFO = INCLUDE_SOURCE;
				MTL_FAST_MATH = YES;
				ONLY_ACTIVE_ARCH = YES;
				SDKROOT = iphoneos;
				SWIFT_ACTIVE_COMPILATION_CONDITIONS = DEBUG;
				SWIFT_OPTIMIZATION_LEVEL = "-Onone";
			};
			name = Debug;
		};
		C55EC8612616FE6300F2885E /* Release */ = {
			isa = XCBuildConfiguration;
			buildSettings = {
				ALWAYS_SEARCH_USER_PATHS = NO;
				CLANG_ANALYZER_NONNULL = YES;
				CLANG_ANALYZER_NUMBER_OBJECT_CONVERSION = YES_AGGRESSIVE;
				CLANG_CXX_LANGUAGE_STANDARD = "gnu++14";
				CLANG_CXX_LIBRARY = "libc++";
				CLANG_ENABLE_MODULES = YES;
				CLANG_ENABLE_OBJC_ARC = YES;
				CLANG_ENABLE_OBJC_WEAK = YES;
				CLANG_WARN_BLOCK_CAPTURE_AUTORELEASING = YES;
				CLANG_WARN_BOOL_CONVERSION = YES;
				CLANG_WARN_COMMA = YES;
				CLANG_WARN_CONSTANT_CONVERSION = YES;
				CLANG_WARN_DEPRECATED_OBJC_IMPLEMENTATIONS = YES;
				CLANG_WARN_DIRECT_OBJC_ISA_USAGE = YES_ERROR;
				CLANG_WARN_DOCUMENTATION_COMMENTS = YES;
				CLANG_WARN_EMPTY_BODY = YES;
				CLANG_WARN_ENUM_CONVERSION = YES;
				CLANG_WARN_INFINITE_RECURSION = YES;
				CLANG_WARN_INT_CONVERSION = YES;
				CLANG_WARN_NON_LITERAL_NULL_CONVERSION = YES;
				CLANG_WARN_OBJC_IMPLICIT_RETAIN_SELF = YES;
				CLANG_WARN_OBJC_LITERAL_CONVERSION = YES;
				CLANG_WARN_OBJC_ROOT_CLASS = YES_ERROR;
				CLANG_WARN_QUOTED_INCLUDE_IN_FRAMEWORK_HEADER = YES;
				CLANG_WARN_RANGE_LOOP_ANALYSIS = YES;
				CLANG_WARN_STRICT_PROTOTYPES = YES;
				CLANG_WARN_SUSPICIOUS_MOVE = YES;
				CLANG_WARN_UNGUARDED_AVAILABILITY = YES_AGGRESSIVE;
				CLANG_WARN_UNREACHABLE_CODE = YES;
				CLANG_WARN__DUPLICATE_METHOD_MATCH = YES;
				COPY_PHASE_STRIP = NO;
				DEBUG_INFORMATION_FORMAT = "dwarf-with-dsym";
				ENABLE_NS_ASSERTIONS = NO;
				ENABLE_STRICT_OBJC_MSGSEND = YES;
				GCC_C_LANGUAGE_STANDARD = gnu11;
				GCC_NO_COMMON_BLOCKS = YES;
				GCC_WARN_64_TO_32_BIT_CONVERSION = YES;
				GCC_WARN_ABOUT_RETURN_TYPE = YES_ERROR;
				GCC_WARN_UNDECLARED_SELECTOR = YES;
				GCC_WARN_UNINITIALIZED_AUTOS = YES_AGGRESSIVE;
				GCC_WARN_UNUSED_FUNCTION = YES;
				GCC_WARN_UNUSED_VARIABLE = YES;
				IPHONEOS_DEPLOYMENT_TARGET = 14.4;
				MTL_ENABLE_DEBUG_INFO = NO;
				MTL_FAST_MATH = YES;
				SDKROOT = iphoneos;
				SWIFT_COMPILATION_MODE = wholemodule;
				SWIFT_OPTIMIZATION_LEVEL = "-O";
				VALIDATE_PRODUCT = YES;
			};
			name = Release;
		};
		C55EC8632616FE6300F2885E /* Debug */ = {
			isa = XCBuildConfiguration;
			baseConfigurationReference = 66B18F49DD9E17E134D6F1A4 /* Pods-ezpay.debug.xcconfig */;
			buildSettings = {
				ALWAYS_EMBED_SWIFT_STANDARD_LIBRARIES = YES;
				ASSETCATALOG_COMPILER_APPICON_NAME = AppIcon;
				ASSETCATALOG_COMPILER_GLOBAL_ACCENT_COLOR_NAME = AccentColor;
				CODE_SIGN_ENTITLEMENTS = ezpay/ezpay.entitlements;
				CODE_SIGN_STYLE = Automatic;
				DEVELOPMENT_TEAM = KAQC858L75;
				INFOPLIST_FILE = ezpay/Info.plist;
				IPHONEOS_DEPLOYMENT_TARGET = 13.0;
				LD_RUNPATH_SEARCH_PATHS = (
					"$(inherited)",
					"@executable_path/Frameworks",
				);
				MARKETING_VERSION = 1.0.4;
				PRODUCT_BUNDLE_IDENTIFIER = com.ezpay.nissi;
				PRODUCT_NAME = "$(TARGET_NAME)";
				SWIFT_VERSION = 5.0;
				TARGETED_DEVICE_FAMILY = "1,2";
			};
			name = Debug;
		};
		C55EC8642616FE6300F2885E /* Release */ = {
			isa = XCBuildConfiguration;
			baseConfigurationReference = 6090CCDCF3D823E5A32274FD /* Pods-ezpay.release.xcconfig */;
			buildSettings = {
				ALWAYS_EMBED_SWIFT_STANDARD_LIBRARIES = YES;
				ASSETCATALOG_COMPILER_APPICON_NAME = AppIcon;
				ASSETCATALOG_COMPILER_GLOBAL_ACCENT_COLOR_NAME = AccentColor;
				CODE_SIGN_ENTITLEMENTS = ezpay/ezpay.entitlements;
				CODE_SIGN_STYLE = Automatic;
				DEVELOPMENT_TEAM = KAQC858L75;
				INFOPLIST_FILE = ezpay/Info.plist;
				IPHONEOS_DEPLOYMENT_TARGET = 13.0;
				LD_RUNPATH_SEARCH_PATHS = (
					"$(inherited)",
					"@executable_path/Frameworks",
				);
				MARKETING_VERSION = 1.0.4;
				PRODUCT_BUNDLE_IDENTIFIER = com.ezpay.nissi;
				PRODUCT_NAME = "$(TARGET_NAME)";
				SWIFT_VERSION = 5.0;
				TARGETED_DEVICE_FAMILY = "1,2";
			};
			name = Release;
		};
		C55EC8662616FE6300F2885E /* Debug */ = {
			isa = XCBuildConfiguration;
			baseConfigurationReference = 9C2FB0EB87F692317A83ECBC /* Pods-ezpayTests.debug.xcconfig */;
			buildSettings = {
				ALWAYS_EMBED_SWIFT_STANDARD_LIBRARIES = YES;
				BUNDLE_LOADER = "$(TEST_HOST)";
				CODE_SIGN_STYLE = Automatic;
				DEVELOPMENT_TEAM = KAQC858L75;
				INFOPLIST_FILE = ezpayTests/Info.plist;
				IPHONEOS_DEPLOYMENT_TARGET = 14.4;
				LD_RUNPATH_SEARCH_PATHS = (
					"$(inherited)",
					"@executable_path/Frameworks",
					"@loader_path/Frameworks",
				);
				PRODUCT_BUNDLE_IDENTIFIER = com.ezpay.app.ezpayTests;
				PRODUCT_NAME = "$(TARGET_NAME)";
				SWIFT_VERSION = 5.0;
				TARGETED_DEVICE_FAMILY = "1,2";
				TEST_HOST = "$(BUILT_PRODUCTS_DIR)/ezpay.app/ezpay";
			};
			name = Debug;
		};
		C55EC8672616FE6300F2885E /* Release */ = {
			isa = XCBuildConfiguration;
			baseConfigurationReference = D370D5D41ED336A84765DAEB /* Pods-ezpayTests.release.xcconfig */;
			buildSettings = {
				ALWAYS_EMBED_SWIFT_STANDARD_LIBRARIES = YES;
				BUNDLE_LOADER = "$(TEST_HOST)";
				CODE_SIGN_STYLE = Automatic;
				DEVELOPMENT_TEAM = KAQC858L75;
				INFOPLIST_FILE = ezpayTests/Info.plist;
				IPHONEOS_DEPLOYMENT_TARGET = 14.4;
				LD_RUNPATH_SEARCH_PATHS = (
					"$(inherited)",
					"@executable_path/Frameworks",
					"@loader_path/Frameworks",
				);
				PRODUCT_BUNDLE_IDENTIFIER = com.ezpay.app.ezpayTests;
				PRODUCT_NAME = "$(TARGET_NAME)";
				SWIFT_VERSION = 5.0;
				TARGETED_DEVICE_FAMILY = "1,2";
				TEST_HOST = "$(BUILT_PRODUCTS_DIR)/ezpay.app/ezpay";
			};
			name = Release;
		};
		C55EC8692616FE6300F2885E /* Debug */ = {
			isa = XCBuildConfiguration;
			baseConfigurationReference = C75022EB24EF58C9EE67070F /* Pods-ezpay-ezpayUITests.debug.xcconfig */;
			buildSettings = {
				ALWAYS_EMBED_SWIFT_STANDARD_LIBRARIES = YES;
				CODE_SIGN_STYLE = Automatic;
				DEVELOPMENT_TEAM = KAQC858L75;
				INFOPLIST_FILE = ezpayUITests/Info.plist;
				LD_RUNPATH_SEARCH_PATHS = (
					"$(inherited)",
					"@executable_path/Frameworks",
					"@loader_path/Frameworks",
				);
				PRODUCT_BUNDLE_IDENTIFIER = com.ezpay.app.ezpayUITests;
				PRODUCT_NAME = "$(TARGET_NAME)";
				SWIFT_VERSION = 5.0;
				TARGETED_DEVICE_FAMILY = "1,2";
				TEST_TARGET_NAME = ezpay;
			};
			name = Debug;
		};
		C55EC86A2616FE6300F2885E /* Release */ = {
			isa = XCBuildConfiguration;
			baseConfigurationReference = D4E95E30879B238ABB501D85 /* Pods-ezpay-ezpayUITests.release.xcconfig */;
			buildSettings = {
				ALWAYS_EMBED_SWIFT_STANDARD_LIBRARIES = YES;
				CODE_SIGN_STYLE = Automatic;
				DEVELOPMENT_TEAM = KAQC858L75;
				INFOPLIST_FILE = ezpayUITests/Info.plist;
				LD_RUNPATH_SEARCH_PATHS = (
					"$(inherited)",
					"@executable_path/Frameworks",
					"@loader_path/Frameworks",
				);
				PRODUCT_BUNDLE_IDENTIFIER = com.ezpay.app.ezpayUITests;
				PRODUCT_NAME = "$(TARGET_NAME)";
				SWIFT_VERSION = 5.0;
				TARGETED_DEVICE_FAMILY = "1,2";
				TEST_TARGET_NAME = ezpay;
			};
			name = Release;
		};
		C56D517A26A6E99F0096E910 /* Debug */ = {
			isa = XCBuildConfiguration;
			buildSettings = {
				ASSETCATALOG_COMPILER_APPICON_NAME = AppIcon;
				ASSETCATALOG_COMPILER_GLOBAL_ACCENT_COLOR_NAME = AccentColor;
				CODE_SIGN_ENTITLEMENTS = "ezpay Appclip/ezpay_Appclip.entitlements";
				CODE_SIGN_STYLE = Automatic;
				DEVELOPMENT_TEAM = KAQC858L75;
				INFOPLIST_FILE = "ezpay Appclip/Info.plist";
				IPHONEOS_DEPLOYMENT_TARGET = 13.0;
				LD_RUNPATH_SEARCH_PATHS = (
					"$(inherited)",
					"@executable_path/Frameworks",
				);
				MARKETING_VERSION = 1.0.5;
				PRODUCT_BUNDLE_IDENTIFIER = com.ezpay.nissi.Clip;
				PRODUCT_NAME = "$(TARGET_NAME)";
				SWIFT_VERSION = 5.0;
				TARGETED_DEVICE_FAMILY = "1,2";
			};
			name = Debug;
		};
		C56D517B26A6E99F0096E910 /* Release */ = {
			isa = XCBuildConfiguration;
			buildSettings = {
				ASSETCATALOG_COMPILER_APPICON_NAME = AppIcon;
				ASSETCATALOG_COMPILER_GLOBAL_ACCENT_COLOR_NAME = AccentColor;
				CODE_SIGN_ENTITLEMENTS = "ezpay Appclip/ezpay_Appclip.entitlements";
				CODE_SIGN_STYLE = Automatic;
				DEVELOPMENT_TEAM = KAQC858L75;
				INFOPLIST_FILE = "ezpay Appclip/Info.plist";
				IPHONEOS_DEPLOYMENT_TARGET = 13.0;
				LD_RUNPATH_SEARCH_PATHS = (
					"$(inherited)",
					"@executable_path/Frameworks",
				);
				MARKETING_VERSION = 1.0.5;
				PRODUCT_BUNDLE_IDENTIFIER = com.ezpay.nissi.Clip;
				PRODUCT_NAME = "$(TARGET_NAME)";
				SWIFT_VERSION = 5.0;
				TARGETED_DEVICE_FAMILY = "1,2";
			};
			name = Release;
		};
		C56D517C26A6E99F0096E910 /* Debug */ = {
			isa = XCBuildConfiguration;
			buildSettings = {
				ALWAYS_EMBED_SWIFT_STANDARD_LIBRARIES = YES;
				BUNDLE_LOADER = "$(TEST_HOST)";
				CODE_SIGN_STYLE = Automatic;
				DEVELOPMENT_TEAM = KAQC858L75;
				INFOPLIST_FILE = "ezpay AppclipTests/Info.plist";
				IPHONEOS_DEPLOYMENT_TARGET = 14.4;
				LD_RUNPATH_SEARCH_PATHS = (
					"$(inherited)",
					"@executable_path/Frameworks",
					"@loader_path/Frameworks",
				);
				PRODUCT_BUNDLE_IDENTIFIER = "com.ezpay.nissi.ezpay-AppclipTests";
				PRODUCT_NAME = "$(TARGET_NAME)";
				SWIFT_VERSION = 5.0;
				TARGETED_DEVICE_FAMILY = "1,2";
				TEST_HOST = "$(BUILT_PRODUCTS_DIR)/ezpay Appclip.app/ezpay Appclip";
			};
			name = Debug;
		};
		C56D517D26A6E99F0096E910 /* Release */ = {
			isa = XCBuildConfiguration;
			buildSettings = {
				ALWAYS_EMBED_SWIFT_STANDARD_LIBRARIES = YES;
				BUNDLE_LOADER = "$(TEST_HOST)";
				CODE_SIGN_STYLE = Automatic;
				DEVELOPMENT_TEAM = KAQC858L75;
				INFOPLIST_FILE = "ezpay AppclipTests/Info.plist";
				IPHONEOS_DEPLOYMENT_TARGET = 14.4;
				LD_RUNPATH_SEARCH_PATHS = (
					"$(inherited)",
					"@executable_path/Frameworks",
					"@loader_path/Frameworks",
				);
				PRODUCT_BUNDLE_IDENTIFIER = "com.ezpay.nissi.ezpay-AppclipTests";
				PRODUCT_NAME = "$(TARGET_NAME)";
				SWIFT_VERSION = 5.0;
				TARGETED_DEVICE_FAMILY = "1,2";
				TEST_HOST = "$(BUILT_PRODUCTS_DIR)/ezpay Appclip.app/ezpay Appclip";
			};
			name = Release;
		};
		C56D517E26A6E99F0096E910 /* Debug */ = {
			isa = XCBuildConfiguration;
			buildSettings = {
				ALWAYS_EMBED_SWIFT_STANDARD_LIBRARIES = YES;
				CODE_SIGN_STYLE = Automatic;
				DEVELOPMENT_TEAM = KAQC858L75;
				INFOPLIST_FILE = "ezpay AppclipUITests/Info.plist";
				LD_RUNPATH_SEARCH_PATHS = (
					"$(inherited)",
					"@executable_path/Frameworks",
					"@loader_path/Frameworks",
				);
				PRODUCT_BUNDLE_IDENTIFIER = "com.ezpay.nissi.ezpay-AppclipUITests";
				PRODUCT_NAME = "$(TARGET_NAME)";
				SWIFT_VERSION = 5.0;
				TARGETED_DEVICE_FAMILY = "1,2";
				TEST_TARGET_NAME = "ezpay Appclip";
			};
			name = Debug;
		};
		C56D517F26A6E99F0096E910 /* Release */ = {
			isa = XCBuildConfiguration;
			buildSettings = {
				ALWAYS_EMBED_SWIFT_STANDARD_LIBRARIES = YES;
				CODE_SIGN_STYLE = Automatic;
				DEVELOPMENT_TEAM = KAQC858L75;
				INFOPLIST_FILE = "ezpay AppclipUITests/Info.plist";
				LD_RUNPATH_SEARCH_PATHS = (
					"$(inherited)",
					"@executable_path/Frameworks",
					"@loader_path/Frameworks",
				);
				PRODUCT_BUNDLE_IDENTIFIER = "com.ezpay.nissi.ezpay-AppclipUITests";
				PRODUCT_NAME = "$(TARGET_NAME)";
				SWIFT_VERSION = 5.0;
				TARGETED_DEVICE_FAMILY = "1,2";
				TEST_TARGET_NAME = "ezpay Appclip";
			};
			name = Release;
		};
/* End XCBuildConfiguration section */

/* Begin XCConfigurationList section */
		C55EC8302616FE6200F2885E /* Build configuration list for PBXProject "ezpay" */ = {
			isa = XCConfigurationList;
			buildConfigurations = (
				C55EC8602616FE6300F2885E /* Debug */,
				C55EC8612616FE6300F2885E /* Release */,
			);
			defaultConfigurationIsVisible = 0;
			defaultConfigurationName = Release;
		};
		C55EC8622616FE6300F2885E /* Build configuration list for PBXNativeTarget "ezpay" */ = {
			isa = XCConfigurationList;
			buildConfigurations = (
				C55EC8632616FE6300F2885E /* Debug */,
				C55EC8642616FE6300F2885E /* Release */,
			);
			defaultConfigurationIsVisible = 0;
			defaultConfigurationName = Release;
		};
		C55EC8652616FE6300F2885E /* Build configuration list for PBXNativeTarget "ezpayTests" */ = {
			isa = XCConfigurationList;
			buildConfigurations = (
				C55EC8662616FE6300F2885E /* Debug */,
				C55EC8672616FE6300F2885E /* Release */,
			);
			defaultConfigurationIsVisible = 0;
			defaultConfigurationName = Release;
		};
		C55EC8682616FE6300F2885E /* Build configuration list for PBXNativeTarget "ezpayUITests" */ = {
			isa = XCConfigurationList;
			buildConfigurations = (
				C55EC8692616FE6300F2885E /* Debug */,
				C55EC86A2616FE6300F2885E /* Release */,
			);
			defaultConfigurationIsVisible = 0;
			defaultConfigurationName = Release;
		};
		C56D518026A6E99F0096E910 /* Build configuration list for PBXNativeTarget "ezpay Appclip" */ = {
			isa = XCConfigurationList;
			buildConfigurations = (
				C56D517A26A6E99F0096E910 /* Debug */,
				C56D517B26A6E99F0096E910 /* Release */,
			);
			defaultConfigurationIsVisible = 0;
			defaultConfigurationName = Release;
		};
		C56D518126A6E99F0096E910 /* Build configuration list for PBXNativeTarget "ezpay AppclipTests" */ = {
			isa = XCConfigurationList;
			buildConfigurations = (
				C56D517C26A6E99F0096E910 /* Debug */,
				C56D517D26A6E99F0096E910 /* Release */,
			);
			defaultConfigurationIsVisible = 0;
			defaultConfigurationName = Release;
		};
		C56D518226A6E99F0096E910 /* Build configuration list for PBXNativeTarget "ezpay AppclipUITests" */ = {
			isa = XCConfigurationList;
			buildConfigurations = (
				C56D517E26A6E99F0096E910 /* Debug */,
				C56D517F26A6E99F0096E910 /* Release */,
			);
			defaultConfigurationIsVisible = 0;
			defaultConfigurationName = Release;
		};
/* End XCConfigurationList section */

/* Begin XCVersionGroup section */
		C55EC8412616FE6200F2885E /* ezpay.xcdatamodeld */ = {
			isa = XCVersionGroup;
			children = (
				C55EC8422616FE6200F2885E /* ezpay.xcdatamodel */,
			);
			currentVersion = C55EC8422616FE6200F2885E /* ezpay.xcdatamodel */;
			path = ezpay.xcdatamodeld;
			sourceTree = "<group>";
			versionGroupType = wrapper.xcdatamodel;
		};
		C56D515726A6E99C0096E910 /* ezpay_Appclip.xcdatamodeld */ = {
			isa = XCVersionGroup;
			children = (
				C56D515826A6E99C0096E910 /* ezpay_Appclip.xcdatamodel */,
			);
			currentVersion = C56D515826A6E99C0096E910 /* ezpay_Appclip.xcdatamodel */;
			path = ezpay_Appclip.xcdatamodeld;
			sourceTree = "<group>";
			versionGroupType = wrapper.xcdatamodel;
		};
/* End XCVersionGroup section */
	};
	rootObject = C55EC82D2616FE6200F2885E /* Project object */;
}
